
Microsoft Visual Studio Solution File, Format Version 12.00
# Visual Studio 15
VisualStudioVersion = 15.0.28307.1622
MinimumVisualStudioVersion = 10.0.40219.1
Project("{FAE04EC0-301F-11D3-BF4B-00C04F79EFBC}") = "FinalProject201931073", "FinalProject201931073\FinalProject201931073.csproj", "{A53CEA57-7546-46C6-B90B-F01D17F7DC8D}"
EndProject
Global
	GlobalSection(SolutionConfigurationPlatforms) = preSolution
		Debug|Any CPU = Debug|Any CPU
		Release|Any CPU = Release|Any CPU
	EndGlobalSection
	GlobalSection(ProjectConfigurationPlatforms) = postSolution
		{A53CEA57-7546-46C6-B90B-F01D17F7DC8D}.Debug|Any CPU.ActiveCfg = Debug|Any CPU
		{A53CEA57-7546-46C6-B90B-F01D17F7DC8D}.Debug|Any CPU.Build.0 = Debug|Any CPU
		{A53CEA57-7546-46C6-B90B-F01D17F7DC8D}.Release|Any CPU.ActiveCfg = Release|Any CPU
		{A53CEA57-7546-46C6-B90B-F01D17F7DC8D}.Release|Any CPU.Build.0 = Release|Any CPU
	EndGlobalSection
	GlobalSection(SolutionProperties) = preSolution
		HideSolutionNode = FALSE
	EndGlobalSection
	GlobalSection(ExtensibilityGlobals) = postSolution
		SolutionGuid = {C7FDD6B2-EABB-4FB6-AA63-56E84C2F65C7}
	EndGlobalSection
EndGlobal
